// !$*UTF8*$!
{
	archiveVersion = 1;
	classes = {
	};
	objectVersion = 56;
	objects = {

/* Begin PBXBuildFile section */
		040AB6EA2A5AA6EF0013D6BA /* AppDelegate.swift in Sources */ = {isa = PBXBuildFile; fileRef = 040AB6E92A5AA6EF0013D6BA /* AppDelegate.swift */; };
		040AB6EC2A5AA6EF0013D6BA /* SceneDelegate.swift in Sources */ = {isa = PBXBuildFile; fileRef = 040AB6EB2A5AA6EF0013D6BA /* SceneDelegate.swift */; };
		040AB6EE2A5AA6EF0013D6BA /* CategoryViewController.swift in Sources */ = {isa = PBXBuildFile; fileRef = 040AB6ED2A5AA6EF0013D6BA /* CategoryViewController.swift */; };
		040AB6F12A5AA6EF0013D6BA /* Main.storyboard in Resources */ = {isa = PBXBuildFile; fileRef = 040AB6EF2A5AA6EF0013D6BA /* Main.storyboard */; };
		040AB6F42A5AA6EF0013D6BA /* Todo_App.xcdatamodeld in Sources */ = {isa = PBXBuildFile; fileRef = 040AB6F22A5AA6EF0013D6BA /* Todo_App.xcdatamodeld */; };
		040AB6F62A5AA6F10013D6BA /* Assets.xcassets in Resources */ = {isa = PBXBuildFile; fileRef = 040AB6F52A5AA6F10013D6BA /* Assets.xcassets */; };
		040AB6F92A5AA6F10013D6BA /* LaunchScreen.storyboard in Resources */ = {isa = PBXBuildFile; fileRef = 040AB6F72A5AA6F10013D6BA /* LaunchScreen.storyboard */; };
		040AB7012A5AA7D20013D6BA /* TodoTableViewController.swift in Sources */ = {isa = PBXBuildFile; fileRef = 040AB7002A5AA7D20013D6BA /* TodoTableViewController.swift */; };
		0461510C2A5D483D00F2148E /* SwipeTableViewController.swift in Sources */ = {isa = PBXBuildFile; fileRef = 0461510B2A5D483D00F2148E /* SwipeTableViewController.swift */; };
		879315E170CB3D385CF73583 /* Pods_ToDo_App.framework in Frameworks */ = {isa = PBXBuildFile; fileRef = C537CF58BF452CFDC1C40EA4 /* Pods_ToDo_App.framework */; };
/* End PBXBuildFile section */

/* Begin PBXFileReference section */
		040AB6E62A5AA6EF0013D6BA /* ToDo App.app */ = {isa = PBXFileReference; explicitFileType = wrapper.application; includeInIndex = 0; path = "ToDo App.app"; sourceTree = BUILT_PRODUCTS_DIR; };
		040AB6E92A5AA6EF0013D6BA /* AppDelegate.swift */ = {isa = PBXFileReference; lastKnownFileType = sourcecode.swift; path = AppDelegate.swift; sourceTree = "<group>"; };
		040AB6EB2A5AA6EF0013D6BA /* SceneDelegate.swift */ = {isa = PBXFileReference; lastKnownFileType = sourcecode.swift; path = SceneDelegate.swift; sourceTree = "<group>"; };
		040AB6ED2A5AA6EF0013D6BA /* CategoryViewController.swift */ = {isa = PBXFileReference; lastKnownFileType = sourcecode.swift; path = CategoryViewController.swift; sourceTree = "<group>"; };
		040AB6F02A5AA6EF0013D6BA /* Base */ = {isa = PBXFileReference; lastKnownFileType = file.storyboard; name = Base; path = Base.lproj/Main.storyboard; sourceTree = "<group>"; };
		040AB6F32A5AA6EF0013D6BA /* ToDo_App.xcdatamodel */ = {isa = PBXFileReference; lastKnownFileType = wrapper.xcdatamodel; path = ToDo_App.xcdatamodel; sourceTree = "<group>"; };
		040AB6F52A5AA6F10013D6BA /* Assets.xcassets */ = {isa = PBXFileReference; lastKnownFileType = folder.assetcatalog; path = Assets.xcassets; sourceTree = "<group>"; };
		040AB6F82A5AA6F10013D6BA /* Base */ = {isa = PBXFileReference; lastKnownFileType = file.storyboard; name = Base; path = Base.lproj/LaunchScreen.storyboard; sourceTree = "<group>"; };
		040AB6FA2A5AA6F10013D6BA /* Info.plist */ = {isa = PBXFileReference; lastKnownFileType = text.plist.xml; path = Info.plist; sourceTree = "<group>"; };
		040AB7002A5AA7D20013D6BA /* TodoTableViewController.swift */ = {isa = PBXFileReference; lastKnownFileType = sourcecode.swift; path = TodoTableViewController.swift; sourceTree = "<group>"; };
		0461510B2A5D483D00F2148E /* SwipeTableViewController.swift */ = {isa = PBXFileReference; lastKnownFileType = sourcecode.swift; path = SwipeTableViewController.swift; sourceTree = "<group>"; };
		19A4DF0E3101431911CD6561 /* Pods-ToDo App.debug.xcconfig */ = {isa = PBXFileReference; includeInIndex = 1; lastKnownFileType = text.xcconfig; name = "Pods-ToDo App.debug.xcconfig"; path = "Target Support Files/Pods-ToDo App/Pods-ToDo App.debug.xcconfig"; sourceTree = "<group>"; };
		C537CF58BF452CFDC1C40EA4 /* Pods_ToDo_App.framework */ = {isa = PBXFileReference; explicitFileType = wrapper.framework; includeInIndex = 0; path = Pods_ToDo_App.framework; sourceTree = BUILT_PRODUCTS_DIR; };
		FF284BAFAFF2462AFAF9B0FC /* Pods-ToDo App.release.xcconfig */ = {isa = PBXFileReference; includeInIndex = 1; lastKnownFileType = text.xcconfig; name = "Pods-ToDo App.release.xcconfig"; path = "Target Support Files/Pods-ToDo App/Pods-ToDo App.release.xcconfig"; sourceTree = "<group>"; };
/* End PBXFileReference section */

/* Begin PBXFrameworksBuildPhase section */
		040AB6E32A5AA6EF0013D6BA /* Frameworks */ = {
			isa = PBXFrameworksBuildPhase;
			buildActionMask = 2147483647;
			files = (
				879315E170CB3D385CF73583 /* Pods_ToDo_App.framework in Frameworks */,
			);
			runOnlyForDeploymentPostprocessing = 0;
		};
/* End PBXFrameworksBuildPhase section */

/* Begin PBXGroup section */
		040AB6DD2A5AA6EF0013D6BA = {
			isa = PBXGroup;
			children = (
				040AB6E82A5AA6EF0013D6BA /* ToDo App */,
				040AB6E72A5AA6EF0013D6BA /* Products */,
				EEBA44A51E845E700622E168 /* Pods */,
				287A53EC7B7264E04C43804D /* Frameworks */,
			);
			sourceTree = "<group>";
		};
		040AB6E72A5AA6EF0013D6BA /* Products */ = {
			isa = PBXGroup;
			children = (
				040AB6E62A5AA6EF0013D6BA /* ToDo App.app */,
			);
			name = Products;
			sourceTree = "<group>";
		};
		040AB6E82A5AA6EF0013D6BA /* ToDo App */ = {
			isa = PBXGroup;
			children = (
				040AB6E92A5AA6EF0013D6BA /* AppDelegate.swift */,
				040AB6EB2A5AA6EF0013D6BA /* SceneDelegate.swift */,
				040AB7062A5AA9540013D6BA /* Controllers */,
				040AB7052A5AA9430013D6BA /* Data Model */,
				040AB7042A5AA92E0013D6BA /* Views */,
				040AB7032A5AA90C0013D6BA /* Supporting Files */,
				040AB6FA2A5AA6F10013D6BA /* Info.plist */,
			);
			path = "ToDo App";
			sourceTree = "<group>";
		};
		040AB7032A5AA90C0013D6BA /* Supporting Files */ = {
			isa = PBXGroup;
			children = (
				040AB6F52A5AA6F10013D6BA /* Assets.xcassets */,
				040AB6F72A5AA6F10013D6BA /* LaunchScreen.storyboard */,
			);
			path = "Supporting Files";
			sourceTree = "<group>";
		};
		040AB7042A5AA92E0013D6BA /* Views */ = {
			isa = PBXGroup;
			children = (
				040AB6EF2A5AA6EF0013D6BA /* Main.storyboard */,
			);
			path = Views;
			sourceTree = "<group>";
		};
		040AB7052A5AA9430013D6BA /* Data Model */ = {
			isa = PBXGroup;
			children = (
				040AB6F22A5AA6EF0013D6BA /* Todo_App.xcdatamodeld */,
			);
			name = "Data Model";
			sourceTree = "<group>";
		};
		040AB7062A5AA9540013D6BA /* Controllers */ = {
			isa = PBXGroup;
			children = (
				040AB6ED2A5AA6EF0013D6BA /* CategoryViewController.swift */,
				040AB7002A5AA7D20013D6BA /* TodoTableViewController.swift */,
				0461510B2A5D483D00F2148E /* SwipeTableViewController.swift */,
			);
			name = Controllers;
			sourceTree = "<group>";
		};
		287A53EC7B7264E04C43804D /* Frameworks */ = {
			isa = PBXGroup;
			children = (
				C537CF58BF452CFDC1C40EA4 /* Pods_ToDo_App.framework */,
			);
			name = Frameworks;
			sourceTree = "<group>";
		};
		EEBA44A51E845E700622E168 /* Pods */ = {
			isa = PBXGroup;
			children = (
				19A4DF0E3101431911CD6561 /* Pods-ToDo App.debug.xcconfig */,
				FF284BAFAFF2462AFAF9B0FC /* Pods-ToDo App.release.xcconfig */,
			);
			path = Pods;
			sourceTree = "<group>";
		};
/* End PBXGroup section */

/* Begin PBXNativeTarget section */
		040AB6E52A5AA6EF0013D6BA /* ToDo App */ = {
			isa = PBXNativeTarget;
			buildConfigurationList = 040AB6FD2A5AA6F10013D6BA /* Build configuration list for PBXNativeTarget "ToDo App" */;
			buildPhases = (
				E1C9E59282C9B670B4F0AF58 /* [CP] Check Pods Manifest.lock */,
				040AB6E22A5AA6EF0013D6BA /* Sources */,
				040AB6E32A5AA6EF0013D6BA /* Frameworks */,
				040AB6E42A5AA6EF0013D6BA /* Resources */,
				3E117103B4E9328B64A55FA0 /* [CP] Embed Pods Frameworks */,
			);
			buildRules = (
			);
			dependencies = (
			);
			name = "ToDo App";
			productName = "ToDo App";
			productReference = 040AB6E62A5AA6EF0013D6BA /* ToDo App.app */;
			productType = "com.apple.product-type.application";
		};
/* End PBXNativeTarget section */

/* Begin PBXProject section */
		040AB6DE2A5AA6EF0013D6BA /* Project object */ = {
			isa = PBXProject;
			attributes = {
				BuildIndependentTargetsInParallel = 1;
				LastSwiftUpdateCheck = 1410;
				LastUpgradeCheck = 1410;
				TargetAttributes = {
					040AB6E52A5AA6EF0013D6BA = {
						CreatedOnToolsVersion = 14.1;
					};
				};
			};
			buildConfigurationList = 040AB6E12A5AA6EF0013D6BA /* Build configuration list for PBXProject "ToDo App" */;
			compatibilityVersion = "Xcode 14.0";
			developmentRegion = en;
			hasScannedForEncodings = 0;
			knownRegions = (
				en,
				Base,
			);
			mainGroup = 040AB6DD2A5AA6EF0013D6BA;
			productRefGroup = 040AB6E72A5AA6EF0013D6BA /* Products */;
			projectDirPath = "";
			projectRoot = "";
			targets = (
				040AB6E52A5AA6EF0013D6BA /* ToDo App */,
			);
		};
/* End PBXProject section */

/* Begin PBXResourcesBuildPhase section */
		040AB6E42A5AA6EF0013D6BA /* Resources */ = {
			isa = PBXResourcesBuildPhase;
			buildActionMask = 2147483647;
			files = (
				040AB6F92A5AA6F10013D6BA /* LaunchScreen.storyboard in Resources */,
				040AB6F62A5AA6F10013D6BA /* Assets.xcassets in Resources */,
				040AB6F12A5AA6EF0013D6BA /* Main.storyboard in Resources */,
			);
			runOnlyForDeploymentPostprocessing = 0;
		};
/* End PBXResourcesBuildPhase section */

/* Begin PBXShellScriptBuildPhase section */
		3E117103B4E9328B64A55FA0 /* [CP] Embed Pods Frameworks */ = {
			isa = PBXShellScriptBuildPhase;
			buildActionMask = 2147483647;
			files = (
			);
			inputFileListPaths = (
				"${PODS_ROOT}/Target Support Files/Pods-ToDo App/Pods-ToDo App-frameworks-${CONFIGURATION}-input-files.xcfilelist",
			);
			name = "[CP] Embed Pods Frameworks";
			outputFileListPaths = (
				"${PODS_ROOT}/Target Support Files/Pods-ToDo App/Pods-ToDo App-frameworks-${CONFIGURATION}-output-files.xcfilelist",
			);
			runOnlyForDeploymentPostprocessing = 0;
			shellPath = /bin/sh;
			shellScript = "\"${PODS_ROOT}/Target Support Files/Pods-ToDo App/Pods-ToDo App-frameworks.sh\"\n";
			showEnvVarsInLog = 0;
		};
		E1C9E59282C9B670B4F0AF58 /* [CP] Check Pods Manifest.lock */ = {
			isa = PBXShellScriptBuildPhase;
			buildActionMask = 2147483647;
			files = (
			);
			inputFileListPaths = (
			);
			inputPaths = (
				"${PODS_PODFILE_DIR_PATH}/Podfile.lock",
				"${PODS_ROOT}/Manifest.lock",
			);
			name = "[CP] Check Pods Manifest.lock";
			outputFileListPaths = (
			);
			outputPaths = (
				"$(DERIVED_FILE_DIR)/Pods-ToDo App-checkManifestLockResult.txt",
			);
			runOnlyForDeploymentPostprocessing = 0;
			shellPath = /bin/sh;
			shellScript = "diff \"${PODS_PODFILE_DIR_PATH}/Podfile.lock\" \"${PODS_ROOT}/Manifest.lock\" > /dev/null\nif [ $? != 0 ] ; then\n    # print error to STDERR\n    echo \"error: The sandbox is not in sync with the Podfile.lock. Run 'pod install' or update your CocoaPods installation.\" >&2\n    exit 1\nfi\n# This output is used by Xcode 'outputs' to avoid re-running this script phase.\necho \"SUCCESS\" > \"${SCRIPT_OUTPUT_FILE_0}\"\n";
			showEnvVarsInLog = 0;
		};
/* End PBXShellScriptBuildPhase section */

/* Begin PBXSourcesBuildPhase section */
		040AB6E22A5AA6EF0013D6BA /* Sources */ = {
			isa = PBXSourcesBuildPhase;
			buildActionMask = 2147483647;
			files = (
				040AB6EE2A5AA6EF0013D6BA /* CategoryViewController.swift in Sources */,
				040AB7012A5AA7D20013D6BA /* TodoTableViewController.swift in Sources */,
				040AB6EA2A5AA6EF0013D6BA /* AppDelegate.swift in Sources */,
				040AB6EC2A5AA6EF0013D6BA /* SceneDelegate.swift in Sources */,
				0461510C2A5D483D00F2148E /* SwipeTableViewController.swift in Sources */,
				040AB6F42A5AA6EF0013D6BA /* Todo_App.xcdatamodeld in Sources */,
			);
			runOnlyForDeploymentPostprocessing = 0;
		};
/* End PBXSourcesBuildPhase section */

/* Begin PBXVariantGroup section */
		040AB6EF2A5AA6EF0013D6BA /* Main.storyboard */ = {
			isa = PBXVariantGroup;
			children = (
				040AB6F02A5AA6EF0013D6BA /* Base */,
			);
			name = Main.storyboard;
			sourceTree = "<group>";
		};
		040AB6F72A5AA6F10013D6BA /* LaunchScreen.storyboard */ = {
			isa = PBXVariantGroup;
			children = (
				040AB6F82A5AA6F10013D6BA /* Base */,
			);
			name = LaunchScreen.storyboard;
			sourceTree = "<group>";
		};
/* End PBXVariantGroup section */

/* Begin XCBuildConfiguration section */
		040AB6FB2A5AA6F10013D6BA /* Debug */ = {
			isa = XCBuildConfiguration;
			buildSettings = {
				ALWAYS_SEARCH_USER_PATHS = NO;
				CLANG_ANALYZER_NONNULL = YES;
				CLANG_ANALYZER_NUMBER_OBJECT_CONVERSION = YES_AGGRESSIVE;
				CLANG_CXX_LANGUAGE_STANDARD = "gnu++20";
				CLANG_ENABLE_MODULES = YES;
				CLANG_ENABLE_OBJC_ARC = YES;
				CLANG_ENABLE_OBJC_WEAK = YES;
				CLANG_WARN_BLOCK_CAPTURE_AUTORELEASING = YES;
				CLANG_WARN_BOOL_CONVERSION = YES;
				CLANG_WARN_COMMA = YES;
				CLANG_WARN_CONSTANT_CONVERSION = YES;
				CLANG_WARN_DEPRECATED_OBJC_IMPLEMENTATIONS = YES;
				CLANG_WARN_DIRECT_OBJC_ISA_USAGE = YES_ERROR;
				CLANG_WARN_DOCUMENTATION_COMMENTS = YES;
				CLANG_WARN_EMPTY_BODY = YES;
				CLANG_WARN_ENUM_CONVERSION = YES;
				CLANG_WARN_INFINITE_RECURSION = YES;
				CLANG_WARN_INT_CONVERSION = YES;
				CLANG_WARN_NON_LITERAL_NULL_CONVERSION = YES;
				CLANG_WARN_OBJC_IMPLICIT_RETAIN_SELF = YES;
				CLANG_WARN_OBJC_LITERAL_CONVERSION = YES;
				CLANG_WARN_OBJC_ROOT_CLASS = YES_ERROR;
				CLANG_WARN_QUOTED_INCLUDE_IN_FRAMEWORK_HEADER = YES;
				CLANG_WARN_RANGE_LOOP_ANALYSIS = YES;
				CLANG_WARN_STRICT_PROTOTYPES = YES;
				CLANG_WARN_SUSPICIOUS_MOVE = YES;
				CLANG_WARN_UNGUARDED_AVAILABILITY = YES_AGGRESSIVE;
				CLANG_WARN_UNREACHABLE_CODE = YES;
				CLANG_WARN__DUPLICATE_METHOD_MATCH = YES;
				COPY_PHASE_STRIP = NO;
				DEBUG_INFORMATION_FORMAT = dwarf;
				ENABLE_STRICT_OBJC_MSGSEND = YES;
				ENABLE_TESTABILITY = YES;
				GCC_C_LANGUAGE_STANDARD = gnu11;
				GCC_DYNAMIC_NO_PIC = NO;
				GCC_NO_COMMON_BLOCKS = YES;
				GCC_OPTIMIZATION_LEVEL = 0;
				GCC_PREPROCESSOR_DEFINITIONS = (
					"DEBUG=1",
					"$(inherited)",
				);
				GCC_WARN_64_TO_32_BIT_CONVERSION = YES;
				GCC_WARN_ABOUT_RETURN_TYPE = YES_ERROR;
				GCC_WARN_UNDECLARED_SELECTOR = YES;
				GCC_WARN_UNINITIALIZED_AUTOS = YES_AGGRESSIVE;
				GCC_WARN_UNUSED_FUNCTION = YES;
				GCC_WARN_UNUSED_VARIABLE = YES;
				IPHONEOS_DEPLOYMENT_TARGET = 16.1;
				MTL_ENABLE_DEBUG_INFO = INCLUDE_SOURCE;
				MTL_FAST_MATH = YES;
				ONLY_ACTIVE_ARCH = YES;
				SDKROOT = iphoneos;
				SWIFT_ACTIVE_COMPILATION_CONDITIONS = DEBUG;
				SWIFT_OPTIMIZATION_LEVEL = "-Onone";
			};
			name = Debug;
		};
		040AB6FC2A5AA6F10013D6BA /* Release */ = {
			isa = XCBuildConfiguration;
			buildSettings = {
				ALWAYS_SEARCH_USER_PATHS = NO;
				CLANG_ANALYZER_NONNULL = YES;
				CLANG_ANALYZER_NUMBER_OBJECT_CONVERSION = YES_AGGRESSIVE;
				CLANG_CXX_LANGUAGE_STANDARD = "gnu++20";
				CLANG_ENABLE_MODULES = YES;
				CLANG_ENABLE_OBJC_ARC = YES;
				CLANG_ENABLE_OBJC_WEAK = YES;
				CLANG_WARN_BLOCK_CAPTURE_AUTORELEASING = YES;
				CLANG_WARN_BOOL_CONVERSION = YES;
				CLANG_WARN_COMMA = YES;
				CLANG_WARN_CONSTANT_CONVERSION = YES;
				CLANG_WARN_DEPRECATED_OBJC_IMPLEMENTATIONS = YES;
				CLANG_WARN_DIRECT_OBJC_ISA_USAGE = YES_ERROR;
				CLANG_WARN_DOCUMENTATION_COMMENTS = YES;
				CLANG_WARN_EMPTY_BODY = YES;
				CLANG_WARN_ENUM_CONVERSION = YES;
				CLANG_WARN_INFINITE_RECURSION = YES;
				CLANG_WARN_INT_CONVERSION = YES;
				CLANG_WARN_NON_LITERAL_NULL_CONVERSION = YES;
				CLANG_WARN_OBJC_IMPLICIT_RETAIN_SELF = YES;
				CLANG_WARN_OBJC_LITERAL_CONVERSION = YES;
				CLANG_WARN_OBJC_ROOT_CLASS = YES_ERROR;
				CLANG_WARN_QUOTED_INCLUDE_IN_FRAMEWORK_HEADER = YES;
				CLANG_WARN_RANGE_LOOP_ANALYSIS = YES;
				CLANG_WARN_STRICT_PROTOTYPES = YES;
				CLANG_WARN_SUSPICIOUS_MOVE = YES;
				CLANG_WARN_UNGUARDED_AVAILABILITY = YES_AGGRESSIVE;
				CLANG_WARN_UNREACHABLE_CODE = YES;
				CLANG_WARN__DUPLICATE_METHOD_MATCH = YES;
				COPY_PHASE_STRIP = NO;
				DEBUG_INFORMATION_FORMAT = "dwarf-with-dsym";
				ENABLE_NS_ASSERTIONS = NO;
				ENABLE_STRICT_OBJC_MSGSEND = YES;
				GCC_C_LANGUAGE_STANDARD = gnu11;
				GCC_NO_COMMON_BLOCKS = YES;
				GCC_WARN_64_TO_32_BIT_CONVERSION = YES;
				GCC_WARN_ABOUT_RETURN_TYPE = YES_ERROR;
				GCC_WARN_UNDECLARED_SELECTOR = YES;
				GCC_WARN_UNINITIALIZED_AUTOS = YES_AGGRESSIVE;
				GCC_WARN_UNUSED_FUNCTION = YES;
				GCC_WARN_UNUSED_VARIABLE = YES;
				IPHONEOS_DEPLOYMENT_TARGET = 16.1;
				MTL_ENABLE_DEBUG_INFO = NO;
				MTL_FAST_MATH = YES;
				SDKROOT = iphoneos;
				SWIFT_COMPILATION_MODE = wholemodule;
				SWIFT_OPTIMIZATION_LEVEL = "-O";
				VALIDATE_PRODUCT = YES;
			};
			name = Release;
		};
		040AB6FE2A5AA6F10013D6BA /* Debug */ = {
			isa = XCBuildConfiguration;
			baseConfigurationReference = 19A4DF0E3101431911CD6561 /* Pods-ToDo App.debug.xcconfig */;
			buildSettings = {
				ASSETCATALOG_COMPILER_APPICON_NAME = AppIcon;
				ASSETCATALOG_COMPILER_GLOBAL_ACCENT_COLOR_NAME = AccentColor;
				CODE_SIGN_STYLE = Automatic;
				CURRENT_PROJECT_VERSION = 1;
				GENERATE_INFOPLIST_FILE = YES;
				INFOPLIST_FILE = "ToDo App/Info.plist";
				INFOPLIST_KEY_UIApplicationSupportsIndirectInputEvents = YES;
				INFOPLIST_KEY_UILaunchStoryboardName = LaunchScreen;
				INFOPLIST_KEY_UIMainStoryboardFile = Main;
				INFOPLIST_KEY_UISupportedInterfaceOrientations_iPad = "UIInterfaceOrientationPortrait UIInterfaceOrientationPortraitUpsideDown UIInterfaceOrientationLandscapeLeft UIInterfaceOrientationLandscapeRight";
				INFOPLIST_KEY_UISupportedInterfaceOrientations_iPhone = "UIInterfaceOrientationPortrait UIInterfaceOrientationLandscapeLeft UIInterfaceOrientationLandscapeRight";
				LD_RUNPATH_SEARCH_PATHS = (
					"$(inherited)",
					"@executable_path/Frameworks",
				);
				MARKETING_VERSION = 1.0;
				PRODUCT_BUNDLE_IDENTIFIER = "com.hussam.ToDo-App";
				PRODUCT_NAME = "$(TARGET_NAME)";
				SWIFT_EMIT_LOC_STRINGS = YES;
				SWIFT_VERSION = 5.0;
				TARGETED_DEVICE_FAMILY = "1,2";
			};
			name = Debug;
		};
		040AB6FF2A5AA6F10013D6BA /* Release */ = {
			isa = XCBuildConfiguration;
			baseConfigurationReference = FF284BAFAFF2462AFAF9B0FC /* Pods-ToDo App.release.xcconfig */;
			buildSettings = {
				ASSETCATALOG_COMPILER_APPICON_NAME = AppIcon;
				ASSETCATALOG_COMPILER_GLOBAL_ACCENT_COLOR_NAME = AccentColor;
				CODE_SIGN_STYLE = Automatic;
				CURRENT_PROJECT_VERSION = 1;
				GENERATE_INFOPLIST_FILE = YES;
				INFOPLIST_FILE = "ToDo App/Info.plist";
				INFOPLIST_KEY_UIApplicationSupportsIndirectInputEvents = YES;
				INFOPLIST_KEY_UILaunchStoryboardName = LaunchScreen;
				INFOPLIST_KEY_UIMainStoryboardFile = Main;
				INFOPLIST_KEY_UISupportedInterfaceOrientations_iPad = "UIInterfaceOrientationPortrait UIInterfaceOrientationPortraitUpsideDown UIInterfaceOrientationLandscapeLeft UIInterfaceOrientationLandscapeRight";
				INFOPLIST_KEY_UISupportedInterfaceOrientations_iPhone = "UIInterfaceOrientationPortrait UIInterfaceOrientationLandscapeLeft UIInterfaceOrientationLandscapeRight";
				LD_RUNPATH_SEARCH_PATHS = (
					"$(inherited)",
					"@executable_path/Frameworks",
				);
				MARKETING_VERSION = 1.0;
				PRODUCT_BUNDLE_IDENTIFIER = "com.hussam.ToDo-App";
				PRODUCT_NAME = "$(TARGET_NAME)";
				SWIFT_EMIT_LOC_STRINGS = YES;
				SWIFT_VERSION = 5.0;
				TARGETED_DEVICE_FAMILY = "1,2";
			};
			name = Release;
		};
/* End XCBuildConfiguration section */

/* Begin XCConfigurationList section */
		040AB6E12A5AA6EF0013D6BA /* Build configuration list for PBXProject "ToDo App" */ = {
			isa = XCConfigurationList;
			buildConfigurations = (
				040AB6FB2A5AA6F10013D6BA /* Debug */,
				040AB6FC2A5AA6F10013D6BA /* Release */,
			);
			defaultConfigurationIsVisible = 0;
			defaultConfigurationName = Release;
		};
		040AB6FD2A5AA6F10013D6BA /* Build configuration list for PBXNativeTarget "ToDo App" */ = {
			isa = XCConfigurationList;
			buildConfigurations = (
				040AB6FE2A5AA6F10013D6BA /* Debug */,
				040AB6FF2A5AA6F10013D6BA /* Release */,
			);
			defaultConfigurationIsVisible = 0;
			defaultConfigurationName = Release;
		};
/* End XCConfigurationList section */

/* Begin XCVersionGroup section */
		040AB6F22A5AA6EF0013D6BA /* Todo_App.xcdatamodeld */ = {
			isa = XCVersionGroup;
			children = (
				040AB6F32A5AA6EF0013D6BA /* ToDo_App.xcdatamodel */,
			);
			currentVersion = 040AB6F32A5AA6EF0013D6BA /* ToDo_App.xcdatamodel */;
			path = Todo_App.xcdatamodeld;
			sourceTree = "<group>";
			versionGroupType = wrapper.xcdatamodel;
		};
/* End XCVersionGroup section */
	};
	rootObject = 040AB6DE2A5AA6EF0013D6BA /* Project object */;
}
